{
    "_readme": [
        "This file locks the dependencies of your project to a known state",
        "Read more about it at http://getcomposer.org/doc/01-basic-usage.md#composer-lock-the-lock-file"
    ],
    "hash": "745a718bbb5d3df35ff57f515fac8b7b",
    "packages": [
        {
            "name": "miknatr/grace-dbal",
            "version": "dev-master",
            "source": {
                "type": "git",
                "url": "https://github.com/miknatr/grace-dbal.git",
                "reference": "8dc8e8ba8178802e9c235e51e7877a129bb86e37"
            },
            "dist": {
                "type": "zip",
                "url": "https://api.github.com/repos/miknatr/grace-dbal/zipball/8dc8e8ba8178802e9c235e51e7877a129bb86e37",
                "reference": "8dc8e8ba8178802e9c235e51e7877a129bb86e37",
                "shasum": ""
            },
            "type": "library",
            "autoload": {
                "psr-0": {
                    "Grace\\DBAL": "lib/",
                    "Grace\\Tests\\DBAL": "lib/",
                    "Grace\\SQLBuilder": "lib/",
                    "Grace\\Tests\\SQLBuilder": "lib/"
                }
            },
            "notification-url": "https://packagist.org/downloads/",
            "authors": [
                {
                    "name": "miknatr",
                    "email": "miknatr@gmail.com"
                }
            ],
            "time": "2014-04-22 09:58:21"
        },
        {
            "name": "monolog/monolog",
            "version": "1.7.0",
            "source": {
                "type": "git",
                "url": "https://github.com/Seldaek/monolog.git",
                "reference": "6225b22de9dcf36546be3a0b2fa8e3d986153f57"
            },
            "dist": {
                "type": "zip",
                "url": "https://api.github.com/repos/Seldaek/monolog/zipball/6225b22de9dcf36546be3a0b2fa8e3d986153f57",
                "reference": "6225b22de9dcf36546be3a0b2fa8e3d986153f57",
                "shasum": ""
            },
            "require": {
                "php": ">=5.3.0",
                "psr/log": "~1.0"
            },
            "require-dev": {
                "aws/aws-sdk-php": "~2.4.8",
                "doctrine/couchdb": "dev-master",
                "mlehner/gelf-php": "1.0.*",
                "phpunit/phpunit": "~3.7.0",
                "raven/raven": "0.5.*",
                "ruflin/elastica": "0.90.*"
            },
            "suggest": {
                "aws/aws-sdk-php": "Allow sending log messages to AWS services like DynamoDB",
                "doctrine/couchdb": "Allow sending log messages to a CouchDB server",
                "ext-amqp": "Allow sending log messages to an AMQP server (1.0+ required)",
                "ext-mongo": "Allow sending log messages to a MongoDB server",
                "mlehner/gelf-php": "Allow sending log messages to a GrayLog2 server",
                "raven/raven": "Allow sending log messages to a Sentry server",
                "ruflin/elastica": "Allow sending log messages to an Elastic Search server"
            },
            "type": "library",
            "extra": {
                "branch-alias": {
                    "dev-master": "1.7.x-dev"
                }
            },
            "autoload": {
                "psr-0": {
                    "Monolog": "src/"
                }
            },
            "notification-url": "https://packagist.org/downloads/",
            "license": [
                "MIT"
            ],
            "authors": [
                {
                    "name": "Jordi Boggiano",
                    "email": "j.boggiano@seld.be",
                    "homepage": "http://seld.be",
                    "role": "Developer"
                }
            ],
            "description": "Sends your logs to files, sockets, inboxes, databases and various web services",
            "homepage": "http://github.com/Seldaek/monolog",
            "keywords": [
                "log",
                "logging",
                "psr-3"
            ],
            "time": "2013-11-14 19:48:31"
        },
        {
            "name": "psr/log",
            "version": "dev-master",
            "source": {
                "type": "git",
                "url": "https://github.com/php-fig/log.git",
                "reference": "a78d6504ff5d4367497785ab2ade91db3a9fbe11"
            },
            "dist": {
                "type": "zip",
                "url": "https://api.github.com/repos/php-fig/log/zipball/a78d6504ff5d4367497785ab2ade91db3a9fbe11",
                "reference": "a78d6504ff5d4367497785ab2ade91db3a9fbe11",
                "shasum": ""
            },
            "type": "library",
            "extra": {
                "branch-alias": {
                    "dev-master": "1.0.x-dev"
                }
            },
            "autoload": {
                "psr-0": {
                    "Psr\\Log\\": ""
                }
            },
            "notification-url": "https://packagist.org/downloads/",
            "license": [
                "MIT"
            ],
            "authors": [
                {
                    "name": "PHP-FIG",
                    "homepage": "http://www.php-fig.org/"
                }
            ],
            "description": "Common interface for logging libraries",
            "keywords": [
                "log",
                "psr",
                "psr-3"
            ],
            "time": "2014-01-18 15:33:09"
        },
        {
            "name": "stiffbeards/bravicility",
            "version": "dev-master",
            "source": {
                "type": "git",
                "url": "https://github.com/stiffbeards/bravicility.git",
                "reference": "0e81fbc9aa83e1991f3d074d664955eb13b8e08e"
            },
            "dist": {
                "type": "zip",
                "url": "https://api.github.com/repos/stiffbeards/bravicility/zipball/0e81fbc9aa83e1991f3d074d664955eb13b8e08e",
                "reference": "0e81fbc9aa83e1991f3d074d664955eb13b8e08e",
                "shasum": ""
            },
            "require": {
                "miknatr/grace-dbal": "dev-master",
                "monolog/monolog": "1.7.0",
                "php": ">=5.4.0",
                "twig/twig": "v1.15.0"
            },
            "type": "library",
            "autoload": {
                "files": [
                    "lib/functions.php",
                    "lib/ru_functions.php"
                ],
                "psr-0": {
                    "Bravicility": "lib/"
                }
            },
            "support": {
                "source": "https://github.com/stiffbeards/bravicility/tree/master"
            },
            "time": "2014-04-30 22:01:10"
        },
        {
            "name": "stiffbeards/browser",
            "version": "dev-master",
            "source": {
                "type": "git",
                "url": "https://github.com/stiffbeards/browser.git",
                "reference": "4b293e26e936c6da0648e330aaec1ad77edacc55"
            },
            "dist": {
                "type": "zip",
                "url": "https://api.github.com/repos/stiffbeards/browser/zipball/4b293e26e936c6da0648e330aaec1ad77edacc55",
                "reference": "4b293e26e936c6da0648e330aaec1ad77edacc55",
                "shasum": ""
            },
            "require": {
                "php": ">=5.4.0",
                "symfony/css-selector": "2.4.1",
                "symfony/dom-crawler": "2.4.1"
            },
            "type": "library",
            "autoload": {
                "psr-0": {
                    "Browser": "lib/"
                }
            },
            "support": {
                "source": "https://github.com/stiffbeards/browser/tree/master"
            },
            "time": "2014-04-23 15:10:38"
        },
        {
            "name": "stiffbeards/kola",
            "version": "dev-master",
            "source": {
                "type": "git",
                "url": "git@github.com:stiffbeards/kola.git",
                "reference": "a8198a5bd06ba345185bc8de7b3cf6d50b9c16e9"
            },
            "dist": {
                "type": "zip",
                "url": "https://api.github.com/repos/stiffbeards/kola/zipball/a8198a5bd06ba345185bc8de7b3cf6d50b9c16e9",
                "reference": "a8198a5bd06ba345185bc8de7b3cf6d50b9c16e9",
                "shasum": ""
            },
            "type": "library",
            "autoload": {
                "psr-0": {
                    "Kola": "lib/"
                }
            },
            "support": {
                "source": "https://github.com/stiffbeards/kola/tree/master"
            },
            "time": "2014-05-07 11:10:32"
        },
        {
            "name": "symfony/css-selector",
            "version": "v2.4.1",
            "target-dir": "Symfony/Component/CssSelector",
            "source": {
                "type": "git",
                "url": "https://github.com/symfony/CssSelector.git",
                "reference": "352552da1f50a79f6a6fa427e4a85ee2ea1945f6"
            },
            "dist": {
                "type": "zip",
                "url": "https://api.github.com/repos/symfony/CssSelector/zipball/352552da1f50a79f6a6fa427e4a85ee2ea1945f6",
                "reference": "352552da1f50a79f6a6fa427e4a85ee2ea1945f6",
                "shasum": ""
            },
            "require": {
                "php": ">=5.3.3"
            },
            "type": "library",
            "extra": {
                "branch-alias": {
                    "dev-master": "2.4-dev"
                }
            },
            "autoload": {
                "psr-0": {
                    "Symfony\\Component\\CssSelector\\": ""
                }
            },
            "notification-url": "https://packagist.org/downloads/",
            "license": [
                "MIT"
            ],
            "authors": [
                {
                    "name": "Fabien Potencier",
                    "email": "fabien@symfony.com",
                    "homepage": "http://fabien.potencier.org",
                    "role": "Lead Developer"
                },
                {
                    "name": "Symfony Community",
                    "homepage": "http://symfony.com/contributors"
                },
                {
                    "name": "Jean-François Simon",
                    "email": "jeanfrancois.simon@sensiolabs.com"
                }
            ],
            "description": "Symfony CssSelector Component",
            "homepage": "http://symfony.com",
            "time": "2014-01-01 08:14:50"
        },
        {
            "name": "symfony/dom-crawler",
            "version": "v2.4.1",
            "target-dir": "Symfony/Component/DomCrawler",
            "source": {
                "type": "git",
                "url": "https://github.com/symfony/DomCrawler.git",
                "reference": "58e85928ad277c67102a41a046160de86df44d55"
            },
            "dist": {
                "type": "zip",
                "url": "https://api.github.com/repos/symfony/DomCrawler/zipball/58e85928ad277c67102a41a046160de86df44d55",
                "reference": "58e85928ad277c67102a41a046160de86df44d55",
                "shasum": ""
            },
            "require": {
                "php": ">=5.3.3"
            },
            "require-dev": {
                "symfony/css-selector": "~2.0"
            },
            "suggest": {
                "symfony/css-selector": ""
            },
            "type": "library",
            "extra": {
                "branch-alias": {
                    "dev-master": "2.4-dev"
                }
            },
            "autoload": {
                "psr-0": {
                    "Symfony\\Component\\DomCrawler\\": ""
                }
            },
            "notification-url": "https://packagist.org/downloads/",
            "license": [
                "MIT"
            ],
            "authors": [
                {
                    "name": "Fabien Potencier",
                    "email": "fabien@symfony.com",
                    "homepage": "http://fabien.potencier.org",
                    "role": "Lead Developer"
                },
                {
                    "name": "Symfony Community",
                    "homepage": "http://symfony.com/contributors"
                }
            ],
            "description": "Symfony DomCrawler Component",
            "homepage": "http://symfony.com",
            "time": "2013-12-29 20:33:52"
        },
        {
            "name": "twig/twig",
            "version": "v1.15.0",
            "source": {
                "type": "git",
                "url": "https://github.com/fabpot/Twig.git",
                "reference": "85e4ff98000157ff753d934b9f13659a953f5666"
            },
            "dist": {
                "type": "zip",
                "url": "https://api.github.com/repos/fabpot/Twig/zipball/85e4ff98000157ff753d934b9f13659a953f5666",
                "reference": "85e4ff98000157ff753d934b9f13659a953f5666",
                "shasum": ""
            },
            "require": {
                "php": ">=5.2.4"
            },
            "type": "library",
            "extra": {
                "branch-alias": {
                    "dev-master": "1.15-dev"
                }
            },
            "autoload": {
                "psr-0": {
                    "Twig_": "lib/"
                }
            },
            "notification-url": "https://packagist.org/downloads/",
            "license": [
                "BSD-3-Clause"
            ],
            "authors": [
                {
                    "name": "Fabien Potencier",
                    "email": "fabien@symfony.com",
                    "homepage": "http://fabien.potencier.org",
                    "role": "Lead Developer"
                },
                {
                    "name": "Armin Ronacher",
                    "email": "armin.ronacher@active-4.com",
                    "role": "Project Founder"
                }
            ],
            "description": "Twig, the flexible, fast, and secure template language for PHP",
            "homepage": "http://twig.sensiolabs.org",
            "keywords": [
                "templating"
            ],
            "time": "2013-12-06 07:47:10"
        }
    ],
    "packages-dev": [

    ],
    "aliases": [

    ],
    "minimum-stability": "dev",
    "stability-flags": {
        "miknatr/grace-dbal": 20,
        "stiffbeards/bravicility": 20,
        "stiffbeards/kola": 20,
        "stiffbeards/browser": 20
    },
    "platform": {
        "php": ">=5.4.0"
    },
    "platform-dev": [

    ]
}
