{
    "_readme": [
        "This file locks the dependencies of your project to a known state",
        "Read more about it at http://getcomposer.org/doc/01-basic-usage.md#composer-lock-the-lock-file"
    ],
    "hash": "05ba6ded58fe98c3c243634b906ef652",
    "packages": [
        {
            "name": "miknatr/grace-dbal",
            "version": "dev-master",
            "source": {
                "type": "git",
                "url": "https://github.com/miknatr/grace-dbal.git",
                "reference": "6c9b123ec3e4ed29d02749a72e9a4a4bcada0bc4"
            },
            "dist": {
                "type": "zip",
                "url": "https://api.github.com/repos/miknatr/grace-dbal/zipball/6c9b123ec3e4ed29d02749a72e9a4a4bcada0bc4",
                "reference": "6c9b123ec3e4ed29d02749a72e9a4a4bcada0bc4",
                "shasum": ""
            },
            "type": "library",
            "autoload": {
                "psr-0": {
                    "Grace\\DBAL": "lib/",
                    "Grace\\Tests\\DBAL": "lib/",
                    "Grace\\SQLBuilder": "lib/",
                    "Grace\\Tests\\SQLBuilder": "lib/"
                }
            },
            "notification-url": "https://packagist.org/downloads/",
            "authors": [
                {
                    "name": "miknatr",
                    "email": "miknatr@gmail.com"
                }
            ],
            "time": "2014-01-10 11:45:20"
        },
        {
            "name": "monolog/monolog",
            "version": "1.6.0",
            "source": {
                "type": "git",
                "url": "https://github.com/Seldaek/monolog.git",
                "reference": "f72392d0e6eb855118f5a84e89ac2d257c704abd"
            },
            "dist": {
                "type": "zip",
                "url": "https://api.github.com/repos/Seldaek/monolog/zipball/f72392d0e6eb855118f5a84e89ac2d257c704abd",
                "reference": "f72392d0e6eb855118f5a84e89ac2d257c704abd",
                "shasum": ""
            },
            "require": {
                "php": ">=5.3.0",
                "psr/log": "~1.0"
            },
            "require-dev": {
                "doctrine/couchdb": "dev-master",
                "mlehner/gelf-php": "1.0.*",
                "raven/raven": "0.5.*"
            },
            "suggest": {
                "doctrine/couchdb": "Allow sending log messages to a CouchDB server",
                "ext-amqp": "Allow sending log messages to an AMQP server (1.0+ required)",
                "ext-mongo": "Allow sending log messages to a MongoDB server",
                "mlehner/gelf-php": "Allow sending log messages to a GrayLog2 server",
                "raven/raven": "Allow sending log messages to a Sentry server"
            },
            "type": "library",
            "extra": {
                "branch-alias": {
                    "dev-master": "1.6.x-dev"
                }
            },
            "autoload": {
                "psr-0": {
                    "Monolog": "src/"
                }
            },
            "notification-url": "https://packagist.org/downloads/",
            "license": [
                "MIT"
            ],
            "authors": [
                {
                    "name": "Jordi Boggiano",
                    "email": "j.boggiano@seld.be",
                    "homepage": "http://seld.be",
                    "role": "Developer"
                }
            ],
            "description": "Sends your logs to files, sockets, inboxes, databases and various web services",
            "homepage": "http://github.com/Seldaek/monolog",
            "keywords": [
                "log",
                "logging",
                "psr-3"
            ],
            "time": "2013-07-28 22:38:30"
        },
        {
            "name": "psr/log",
            "version": "dev-master",
            "source": {
                "type": "git",
                "url": "https://github.com/php-fig/log.git",
                "reference": "65f363ac44058796a8e1428cf41e6d92d8a75ddc"
            },
            "dist": {
                "type": "zip",
                "url": "https://api.github.com/repos/php-fig/log/zipball/65f363ac44058796a8e1428cf41e6d92d8a75ddc",
                "reference": "65f363ac44058796a8e1428cf41e6d92d8a75ddc",
                "shasum": ""
            },
            "type": "library",
            "extra": {
                "branch-alias": {
                    "dev-master": "1.0.x-dev"
                }
            },
            "autoload": {
                "psr-0": {
                    "Psr\\Log\\": ""
                }
            },
            "notification-url": "https://packagist.org/downloads/",
            "license": [
                "MIT"
            ],
            "authors": [
                {
                    "name": "PHP-FIG",
                    "homepage": "http://www.php-fig.org/"
                }
            ],
            "description": "Common interface for logging libraries",
            "keywords": [
                "log",
                "psr",
                "psr-3"
            ],
            "time": "2013-12-25 11:17:50"
        }
    ],
    "packages-dev": [

    ],
    "aliases": [

    ],
    "minimum-stability": "dev",
    "stability-flags": {
        "miknatr/grace-dbal": 20
    },
    "platform": {
        "php": ">=5.4.0"
    },
    "platform-dev": [

    ]
}
