{
    "_readme": [
        "This file locks the dependencies of your project to a known state",
        "Read more about it at https://getcomposer.org/doc/01-basic-usage.md#composer-lock-the-lock-file",
        "This file is @generated automatically"
    ],
    "hash": "51414ec019ff5493f96acd54453aba9c",
    "content-hash": "c2a2f567dd86be2e14cd913f76b7f57e",
    "packages": [
        {
            "name": "miknatr/bravicility",
            "version": "dev-master",
            "source": {
                "type": "git",
                "url": "https://github.com/miknatr/bravicility.git",
                "reference": "0270df15f3d425906185e95ea8d7165e1ee334a1"
            },
            "dist": {
                "type": "zip",
                "url": "https://api.github.com/repos/miknatr/bravicility/zipball/0270df15f3d425906185e95ea8d7165e1ee334a1",
                "reference": "0270df15f3d425906185e95ea8d7165e1ee334a1",
                "shasum": ""
            },
            "require": {
                "php": ">=5.4.0"
            },
            "type": "library",
            "autoload": {
                "psr-0": {
                    "Bravicility": "lib/"
                }
            },
            "support": {
                "source": "https://github.com/miknatr/bravicility/tree/master",
                "issues": "https://github.com/miknatr/bravicility/issues"
            },
            "time": "2015-07-10 10:05:01"
        },
        {
            "name": "miknatr/grace-dbal",
            "version": "dev-master",
            "source": {
                "type": "git",
                "url": "https://github.com/miknatr/grace-dbal.git",
                "reference": "8dc8e8ba8178802e9c235e51e7877a129bb86e37"
            },
            "dist": {
                "type": "zip",
                "url": "https://api.github.com/repos/miknatr/grace-dbal/zipball/8dc8e8ba8178802e9c235e51e7877a129bb86e37",
                "reference": "8dc8e8ba8178802e9c235e51e7877a129bb86e37",
                "shasum": ""
            },
            "type": "library",
            "autoload": {
                "psr-0": {
                    "Grace\\DBAL": "lib/",
                    "Grace\\Tests\\DBAL": "lib/",
                    "Grace\\SQLBuilder": "lib/",
                    "Grace\\Tests\\SQLBuilder": "lib/"
                }
            },
            "notification-url": "https://packagist.org/downloads/",
            "authors": [
                {
                    "name": "miknatr",
                    "email": "miknatr@gmail.com"
                }
            ],
            "time": "2014-04-22 09:58:21"
        },
        {
            "name": "stiffbeards/browser",
            "version": "dev-master",
            "source": {
                "type": "git",
                "url": "https://github.com/miknatr/browser.git",
                "reference": "4b293e26e936c6da0648e330aaec1ad77edacc55"
            },
            "dist": {
                "type": "zip",
                "url": "https://api.github.com/repos/miknatr/browser/zipball/4b293e26e936c6da0648e330aaec1ad77edacc55",
                "reference": "4b293e26e936c6da0648e330aaec1ad77edacc55",
                "shasum": ""
            },
            "require": {
                "php": ">=5.4.0",
                "symfony/css-selector": "2.4.1",
                "symfony/dom-crawler": "2.4.1"
            },
            "type": "library",
            "autoload": {
                "psr-0": {
                    "Browser": "lib/"
                }
            },
            "support": {
                "source": "https://github.com/miknatr/browser/tree/master",
                "issues": "https://github.com/miknatr/browser/issues"
            },
            "time": "2014-04-23 15:10:38"
        },
        {
            "name": "stiffbeards/kola",
            "version": "dev-master",
            "source": {
                "type": "git",
                "url": "git@bitbucket.org:miknatr/tos-kola.git",
                "reference": "bfb1f76d3823de995c4587c341cba75e3eec37b3"
            },
            "type": "library",
            "autoload": {
                "psr-0": {
                    "Kola": "lib/"
                }
            },
            "time": "2014-09-04 20:25:35"
        },
        {
            "name": "symfony/css-selector",
            "version": "v2.4.1",
            "target-dir": "Symfony/Component/CssSelector",
            "source": {
                "type": "git",
                "url": "https://github.com/symfony/css-selector.git",
                "reference": "352552da1f50a79f6a6fa427e4a85ee2ea1945f6"
            },
            "dist": {
                "type": "zip",
                "url": "https://api.github.com/repos/symfony/css-selector/zipball/352552da1f50a79f6a6fa427e4a85ee2ea1945f6",
                "reference": "352552da1f50a79f6a6fa427e4a85ee2ea1945f6",
                "shasum": ""
            },
            "require": {
                "php": ">=5.3.3"
            },
            "type": "library",
            "extra": {
                "branch-alias": {
                    "dev-master": "2.4-dev"
                }
            },
            "autoload": {
                "psr-0": {
                    "Symfony\\Component\\CssSelector\\": ""
                }
            },
            "notification-url": "https://packagist.org/downloads/",
            "license": [
                "MIT"
            ],
            "authors": [
                {
                    "name": "Symfony Community",
                    "homepage": "http://symfony.com/contributors"
                },
                {
                    "name": "Jean-François Simon",
                    "email": "jeanfrancois.simon@sensiolabs.com"
                },
                {
                    "name": "Fabien Potencier",
                    "email": "fabien@symfony.com"
                }
            ],
            "description": "Symfony CssSelector Component",
            "homepage": "http://symfony.com",
            "time": "2014-01-01 08:14:50"
        },
        {
            "name": "symfony/dom-crawler",
            "version": "v2.4.1",
            "target-dir": "Symfony/Component/DomCrawler",
            "source": {
                "type": "git",
                "url": "https://github.com/symfony/dom-crawler.git",
                "reference": "58e85928ad277c67102a41a046160de86df44d55"
            },
            "dist": {
                "type": "zip",
                "url": "https://api.github.com/repos/symfony/dom-crawler/zipball/58e85928ad277c67102a41a046160de86df44d55",
                "reference": "58e85928ad277c67102a41a046160de86df44d55",
                "shasum": ""
            },
            "require": {
                "php": ">=5.3.3"
            },
            "require-dev": {
                "symfony/css-selector": "~2.0"
            },
            "suggest": {
                "symfony/css-selector": ""
            },
            "type": "library",
            "extra": {
                "branch-alias": {
                    "dev-master": "2.4-dev"
                }
            },
            "autoload": {
                "psr-0": {
                    "Symfony\\Component\\DomCrawler\\": ""
                }
            },
            "notification-url": "https://packagist.org/downloads/",
            "license": [
                "MIT"
            ],
            "authors": [
                {
                    "name": "Symfony Community",
                    "homepage": "http://symfony.com/contributors"
                },
                {
                    "name": "Fabien Potencier",
                    "email": "fabien@symfony.com"
                }
            ],
            "description": "Symfony DomCrawler Component",
            "homepage": "http://symfony.com",
            "time": "2013-12-29 20:33:52"
        }
    ],
    "packages-dev": [],
    "aliases": [],
    "minimum-stability": "dev",
    "stability-flags": {
        "miknatr/grace-dbal": 20,
        "miknatr/bravicility": 20,
        "stiffbeards/kola": 20,
        "stiffbeards/browser": 20
    },
    "prefer-stable": false,
    "prefer-lowest": false,
    "platform": {
        "php": ">=5.5.0"
    },
    "platform-dev": []
}
